
Microsoft Visual Studio Solution File, Format Version 12.00
# Visual Studio Version 17
VisualStudioVersion = 17.4.33213.308
MinimumVisualStudioVersion = 10.0.40219.1
Project("{9A19103F-16F7-4668-BE54-9A1E7A4F7556}") = "MVVMFramework", "MVVMFramework\MVVMFramework.csproj", "{E1C3B81A-3223-410E-9A6D-9D06BCC9C909}"
EndProject
Project("{FAE04EC0-301F-11D3-BF4B-00C04F79EFBC}") = "MVVMFramework.Controls", "MVVMFramework.Controls\MVVMFramework.Controls.csproj", "{70CCBA27-4EA4-44B8-937C-2E79724823C5}"
EndProject
Global
	GlobalSection(SolutionConfigurationPlatforms) = preSolution
		Debug|Any CPU = Debug|Any CPU
		Release|Any CPU = Release|Any CPU
	EndGlobalSection
	GlobalSection(ProjectConfigurationPlatforms) = postSolution
		{E1C3B81A-3223-410E-9A6D-9D06BCC9C909}.Debug|Any CPU.ActiveCfg = Debug|Any CPU
		{E1C3B81A-3223-410E-9A6D-9D06BCC9C909}.Debug|Any CPU.Build.0 = Debug|Any CPU
		{E1C3B81A-3223-410E-9A6D-9D06BCC9C909}.Release|Any CPU.ActiveCfg = Release|Any CPU
		{E1C3B81A-3223-410E-9A6D-9D06BCC9C909}.Release|Any CPU.Build.0 = Release|Any CPU
		{70CCBA27-4EA4-44B8-937C-2E79724823C5}.Debug|Any CPU.ActiveCfg = Debug|Any CPU
		{70CCBA27-4EA4-44B8-937C-2E79724823C5}.Debug|Any CPU.Build.0 = Debug|Any CPU
		{70CCBA27-4EA4-44B8-937C-2E79724823C5}.Release|Any CPU.ActiveCfg = Release|Any CPU
		{70CCBA27-4EA4-44B8-937C-2E79724823C5}.Release|Any CPU.Build.0 = Release|Any CPU
	EndGlobalSection
	GlobalSection(SolutionProperties) = preSolution
		HideSolutionNode = FALSE
	EndGlobalSection
	GlobalSection(ExtensibilityGlobals) = postSolution
		SolutionGuid = {2F498A0C-FE77-4BEF-83BE-8AB7A18E14BB}
	EndGlobalSection
EndGlobal
